# This file is automatically @generated by Cargo.
# It is not intended for manual editing.
version = 3

[[package]]
name = "even"
version = "0.1.0"
dependencies = [
 "is-odd-or-even",
]

[[package]]
name = "is-odd-or-even"
version = "0.1.0"

[[package]]
name = "odd"
version = "0.1.0"
dependencies = [
 "is-odd-or-even",
]
